{
  "wyvrnVersion": 2,
  "generatedAt": "2026-08-12T07:06:43.263Z",
  "platform": "win_x64",
  "profileName": "default",
  "profile": {
    "os": "Windows",
    "arch": "x86_64",
    "compiler": "msvc",
    "compiler.version": "194",
    "compiler.cppstd": "20",
    "compiler.runtime": "dynamic"
  },
  "profileHash": "dab578c203d618cb",
  "packages": {
    "absl": {
      "version": "20260107.1.0.1",
      "profileHash": "dab578c203d618cb",
      "contentSha256": "2f63f473a5ad14c3295fcac9c195d32d0c1afdae28d6882f67e116dd69c64981",
      "gitSha": "3dac9f67796b365af6c54e4f5210dc1dd72c17ac",
      "resolvedFrom": "cached"
    },
    "libjpeg-turbo": {
      "version": "3.1.4.0",
      "profileHash": "f5a2088cbb683ef5",
      "contentSha256": "0228c6132db3b31f6f6e2ac3174258f9b0b85f8485dd92fc2eef0c4ab99f789c",
      "gitSha": "3a09b69a5dfc83abc9b3088ebe18efbe617099d2",
      "resolvedFrom": "v2-source-build",
      "options": {
        "shared": true
      }
    },
    "libpng": {
      "version": "1.6.58.0",
      "profileHash": "f5a2088cbb683ef5",
      "contentSha256": "25be1b4f148d6acd8826a1c8218308e6ac396b13e7d5b8b52262ce3fcbfa8bc3",
      "gitSha": "f10264ecc466379afb7b6aad8545ef3178774fa1",
      "resolvedFrom": "v2-source-build",
      "options": {
        "shared": true
      }
    },
    "libwebp": {
      "version": "1.6.0.0",
      "resolvedFrom": "v2",
      "profileHash": "585ebc33be89058b",
      "contentSha256": "92d1ff4837d02a5babbfe861e0ce11fd724423a5baeb8f8549d99400a6607216",
      "gitSha": "33a29442a810dba207a531173afc10f7d544fbc5",
      "options": {
        "shared": true,
        "simd": true,
        "use_thread": true,
        "near_lossless": true,
        "swap_16bit_csp": false,
        "libwebpmux": true
      }
    },
    "openjpeg": {
      "version": "2.5.4.0",
      "profileHash": "f5a2088cbb683ef5",
      "contentSha256": "58b9d83b0d9139439a259ca7b3f2c92123452a0ddb6bda480efd1f30a0339a48",
      "gitSha": "d2ed9ec0b340b4a137e23e0aee3c38b535b98d0e",
      "resolvedFrom": "v2",
      "options": {
        "shared": true
      }
    },
    "protobuf": {
      "version": "34.1.0.0",
      "profileHash": "dab578c203d618cb",
      "contentSha256": "a299ca28d76fbea3dd193f393c8388f8236b479e0edb06b2f07ebeb7ef86beb5",
      "gitSha": "4916d0aa5caf5227f9f79f837f631ca8c99e1612",
      "resolvedFrom": "v2-source-build"
    },
    "tiff": {
      "version": "4.7.2.0",
      "profileHash": "09b9f7f687c417ba",
      "contentSha256": "f2b648487a5829d0193522bfd4db40308292aa538574c7ba6f280491b187f85a",
      "gitSha": "a823f1b1cc6aba7a13723240f5aeaebb6a1236b2",
      "resolvedFrom": "cached",
      "options": {
        "shared": true,
        "zlib": true,
        "jpeg": true,
        "zstd": true
      }
    },
    "zlib": {
      "version": "1.3.2.2",
      "profileHash": "dab578c203d618cb",
      "contentSha256": "d6cec555df9cf1ebef7aedf9ebec760a662907632669195111a96e93f0a322df",
      "gitSha": "31790b54d2675ee5ea7e52dbe394325781ad38a8",
      "resolvedFrom": "cached"
    },
    "zstd": {
      "version": "1.5.7.1",
      "resolvedFrom": "v2",
      "profileHash": "f5a2088cbb683ef5",
      "contentSha256": "e1b5a5e9649a7aef2db5379ae574aa67140fe838e809503e1e86eed9cb8f7f7c",
      "gitSha": "1ef3fd177439e7f3ae30ee87b3b9589f3f91f205",
      "options": {
        "shared": true
      }
    }
  },
  "effectiveConf": {
    "cmake": {
      "cache": {
        "WYVRN_UNICODE": "OFF"
      }
    }
  }
}
